// !$*UTF8*$!
{
	archiveVersion = 1;
	classes = {
	};
	objectVersion = 46;
	objects = {

/* Begin PBXBuildFile section */
		D41BECFB1D0E2D610070AD36 /* Channel.cpp in Sources */ = {isa = PBXBuildFile; fileRef = D41BECFA1D0E2D610070AD36 /* Channel.cpp */; };
		D41BECFC1D0E311D0070AD36 /* Channel.cpp in Sources */ = {isa = PBXBuildFile; fileRef = D41BECFA1D0E2D610070AD36 /* Channel.cpp */; };
		D41D45F61C35DF3B00C2D339 /* Server.cpp in Sources */ = {isa = PBXBuildFile; fileRef = D41D45F41C35DF3B00C2D339 /* Server.cpp */; };
		D41D45FF1C380C5100C2D339 /* socket_functions.cpp in Sources */ = {isa = PBXBuildFile; fileRef = D41D45FD1C380C5100C2D339 /* socket_functions.cpp */; };
		D41D46021C387A9E00C2D339 /* Exception.cpp in Sources */ = {isa = PBXBuildFile; fileRef = D41D46001C387A9E00C2D339 /* Exception.cpp */; };
		D42631A81C3FFFC900727699 /* WorkerLoop.cpp in Sources */ = {isa = PBXBuildFile; fileRef = D42631A61C3FFFC900727699 /* WorkerLoop.cpp */; };
		D42631B11C400F5D00727699 /* Statistics.cpp in Sources */ = {isa = PBXBuildFile; fileRef = D42631AF1C400F5D00727699 /* Statistics.cpp */; };
		D437DE711C3045D50090E443 /* Queue.cpp in Sources */ = {isa = PBXBuildFile; fileRef = D437DE701C3045D50090E443 /* Queue.cpp */; };
		D437DE751C3047590090E443 /* Listener.cpp in Sources */ = {isa = PBXBuildFile; fileRef = D437DE731C3047590090E443 /* Listener.cpp */; };
		D437DE781C304A800090E443 /* Worker.cpp in Sources */ = {isa = PBXBuildFile; fileRef = D437DE761C304A800090E443 /* Worker.cpp */; };
		D437DE7A1C304D0E0090E443 /* main.cpp in Sources */ = {isa = PBXBuildFile; fileRef = D437DE791C304D0E0090E443 /* main.cpp */; };
		D437DE811C3075070090E443 /* Thread.cpp in Sources */ = {isa = PBXBuildFile; fileRef = D437DE7F1C3075070090E443 /* Thread.cpp */; };
		D437DE841C3087230090E443 /* Monitor.cpp in Sources */ = {isa = PBXBuildFile; fileRef = D437DE821C3087230090E443 /* Monitor.cpp */; };
		D44AAB4A1D0CEAFE0055BBD7 /* blk_mitm_main.cpp in Sources */ = {isa = PBXBuildFile; fileRef = D44AAB491D0CEAFE0055BBD7 /* blk_mitm_main.cpp */; };
		D44AAB511D0CEB8A0055BBD7 /* Exception.cpp in Sources */ = {isa = PBXBuildFile; fileRef = D41D46001C387A9E00C2D339 /* Exception.cpp */; };
		D44AAB521D0CEB8E0055BBD7 /* Handler.cpp in Sources */ = {isa = PBXBuildFile; fileRef = D44BBFB51D0CAC3000E4871C /* Handler.cpp */; };
		D44AAB531D0CEB920055BBD7 /* Listener.cpp in Sources */ = {isa = PBXBuildFile; fileRef = D437DE731C3047590090E443 /* Listener.cpp */; };
		D44AAB541D0CEB940055BBD7 /* Monitor.cpp in Sources */ = {isa = PBXBuildFile; fileRef = D437DE821C3087230090E443 /* Monitor.cpp */; };
		D44AAB551D0CEB980055BBD7 /* Queue.cpp in Sources */ = {isa = PBXBuildFile; fileRef = D437DE701C3045D50090E443 /* Queue.cpp */; };
		D44AAB561D0CEB9A0055BBD7 /* Server.cpp in Sources */ = {isa = PBXBuildFile; fileRef = D41D45F41C35DF3B00C2D339 /* Server.cpp */; };
		D44AAB571D0CEB9D0055BBD7 /* socket_functions.cpp in Sources */ = {isa = PBXBuildFile; fileRef = D41D45FD1C380C5100C2D339 /* socket_functions.cpp */; };
		D44AAB581D0CEBA10055BBD7 /* Statistics.cpp in Sources */ = {isa = PBXBuildFile; fileRef = D42631AF1C400F5D00727699 /* Statistics.cpp */; };
		D44AAB591D0CEBA40055BBD7 /* Thread.cpp in Sources */ = {isa = PBXBuildFile; fileRef = D437DE7F1C3075070090E443 /* Thread.cpp */; };
		D44AAB5A1D0CEBA70055BBD7 /* Worker.cpp in Sources */ = {isa = PBXBuildFile; fileRef = D437DE761C304A800090E443 /* Worker.cpp */; };
		D44BBFB81D0CAC3000E4871C /* Handler.cpp in Sources */ = {isa = PBXBuildFile; fileRef = D44BBFB51D0CAC3000E4871C /* Handler.cpp */; };
		D44BBFC01D0CB63400E4871C /* main.cpp in Sources */ = {isa = PBXBuildFile; fileRef = D44BBFBF1D0CB63400E4871C /* main.cpp */; };
		D44BBFCA1D0CB7FB00E4871C /* Exception.cpp in Sources */ = {isa = PBXBuildFile; fileRef = D41D46001C387A9E00C2D339 /* Exception.cpp */; };
		D44BBFCB1D0CB7FF00E4871C /* Handler.cpp in Sources */ = {isa = PBXBuildFile; fileRef = D44BBFB51D0CAC3000E4871C /* Handler.cpp */; };
		D44BBFCD1D0CB80F00E4871C /* socket_functions.cpp in Sources */ = {isa = PBXBuildFile; fileRef = D41D45FD1C380C5100C2D339 /* socket_functions.cpp */; };
		D45587EB1D0E4261009C6095 /* ConnectionPool.cpp in Sources */ = {isa = PBXBuildFile; fileRef = D45587E91D0E4261009C6095 /* ConnectionPool.cpp */; };
		D45587EC1D0E4389009C6095 /* ConnectionPool.cpp in Sources */ = {isa = PBXBuildFile; fileRef = D45587E91D0E4261009C6095 /* ConnectionPool.cpp */; };
		D46BBA791D11FE6200AA55DF /* BlkClient.cpp in Sources */ = {isa = PBXBuildFile; fileRef = D46BB99F1D11FE6200AA55DF /* BlkClient.cpp */; };
		D46BBA7A1D11FE6200AA55DF /* BlkMessage.cpp in Sources */ = {isa = PBXBuildFile; fileRef = D46BB9A11D11FE6200AA55DF /* BlkMessage.cpp */; };
		D46BBA7B1D11FE6200AA55DF /* BlkSocket.cpp in Sources */ = {isa = PBXBuildFile; fileRef = D46BB9A31D11FE6200AA55DF /* BlkSocket.cpp */; };
		D46BBA7C1D11FE6200AA55DF /* HandlerBlk.cpp in Sources */ = {isa = PBXBuildFile; fileRef = D46BB9A51D11FE6200AA55DF /* HandlerBlk.cpp */; };
		D46BBA7D1D11FE6200AA55DF /* HandlerHttp.cpp in Sources */ = {isa = PBXBuildFile; fileRef = D46BB9A81D11FE6200AA55DF /* HandlerHttp.cpp */; };
		D46BBA7E1D11FE6200AA55DF /* HttpClient.cpp in Sources */ = {isa = PBXBuildFile; fileRef = D46BB9AA1D11FE6200AA55DF /* HttpClient.cpp */; };
		D46BBA971D11FE6200AA55DF /* HttpSocket.cpp in Sources */ = {isa = PBXBuildFile; fileRef = D46BBA771D11FE6200AA55DF /* HttpSocket.cpp */; };
		D46BBA9F1D11FF4E00AA55DF /* BlkClient.cpp in Sources */ = {isa = PBXBuildFile; fileRef = D46BB99F1D11FE6200AA55DF /* BlkClient.cpp */; };
		D46BBAA01D11FF5700AA55DF /* BlkMessage.cpp in Sources */ = {isa = PBXBuildFile; fileRef = D46BB9A11D11FE6200AA55DF /* BlkMessage.cpp */; };
		D46BBAA11D11FF5A00AA55DF /* BlkSocket.cpp in Sources */ = {isa = PBXBuildFile; fileRef = D46BB9A31D11FE6200AA55DF /* BlkSocket.cpp */; };
		D46BBAA21D11FF5E00AA55DF /* HandlerBlk.cpp in Sources */ = {isa = PBXBuildFile; fileRef = D46BB9A51D11FE6200AA55DF /* HandlerBlk.cpp */; };
		D46F22AF1D12215B007F8F72 /* HTTPMessage.cpp in Sources */ = {isa = PBXBuildFile; fileRef = D46F22A51D12215B007F8F72 /* HTTPMessage.cpp */; };
		D46F22B01D12215B007F8F72 /* HTTPParser.cpp in Sources */ = {isa = PBXBuildFile; fileRef = D46F22A71D12215B007F8F72 /* HTTPParser.cpp */; };
		D46F22B11D12215B007F8F72 /* ParserContext.cpp in Sources */ = {isa = PBXBuildFile; fileRef = D46F22A91D12215B007F8F72 /* ParserContext.cpp */; };
		D46F22B21D12215B007F8F72 /* simple_buffer.c in Sources */ = {isa = PBXBuildFile; fileRef = D46F22AB1D12215B007F8F72 /* simple_buffer.c */; };
		D46F22B31D12215B007F8F72 /* twc.c in Sources */ = {isa = PBXBuildFile; fileRef = D46F22AD1D12215B007F8F72 /* twc.c */; };
		D46F22B41D122186007F8F72 /* twc.c in Sources */ = {isa = PBXBuildFile; fileRef = D46F22AD1D12215B007F8F72 /* twc.c */; };
/* End PBXBuildFile section */

/* Begin PBXCopyFilesBuildPhase section */
		D437DE641C2FD7660090E443 /* CopyFiles */ = {
			isa = PBXCopyFilesBuildPhase;
			buildActionMask = 2147483647;
			dstPath = /usr/share/man/man1/;
			dstSubfolderSpec = 0;
			files = (
			);
			runOnlyForDeploymentPostprocessing = 1;
		};
		D44AAB451D0CEAFE0055BBD7 /* CopyFiles */ = {
			isa = PBXCopyFilesBuildPhase;
			buildActionMask = 2147483647;
			dstPath = /usr/share/man/man1/;
			dstSubfolderSpec = 0;
			files = (
			);
			runOnlyForDeploymentPostprocessing = 1;
		};
		D44BBFBB1D0CB63400E4871C /* CopyFiles */ = {
			isa = PBXCopyFilesBuildPhase;
			buildActionMask = 2147483647;
			dstPath = /usr/share/man/man1/;
			dstSubfolderSpec = 0;
			files = (
			);
			runOnlyForDeploymentPostprocessing = 1;
		};
/* End PBXCopyFilesBuildPhase section */

/* Begin PBXFileReference section */
		D41BECF91D0E2D360070AD36 /* Channel.hpp */ = {isa = PBXFileReference; fileEncoding = 4; lastKnownFileType = sourcecode.cpp.h; path = Channel.hpp; sourceTree = "<group>"; };
		D41BECFA1D0E2D610070AD36 /* Channel.cpp */ = {isa = PBXFileReference; fileEncoding = 4; lastKnownFileType = sourcecode.cpp.cpp; path = Channel.cpp; sourceTree = "<group>"; };
		D41D45F41C35DF3B00C2D339 /* Server.cpp */ = {isa = PBXFileReference; fileEncoding = 4; lastKnownFileType = sourcecode.cpp.cpp; path = Server.cpp; sourceTree = "<group>"; };
		D41D45F51C35DF3B00C2D339 /* Server.h */ = {isa = PBXFileReference; fileEncoding = 4; lastKnownFileType = sourcecode.c.h; path = Server.h; sourceTree = "<group>"; };
		D41D45FD1C380C5100C2D339 /* socket_functions.cpp */ = {isa = PBXFileReference; fileEncoding = 4; lastKnownFileType = sourcecode.cpp.cpp; path = socket_functions.cpp; sourceTree = "<group>"; };
		D41D45FE1C380C5100C2D339 /* socket_functions.hpp */ = {isa = PBXFileReference; fileEncoding = 4; lastKnownFileType = sourcecode.cpp.h; path = socket_functions.hpp; sourceTree = "<group>"; };
		D41D46001C387A9E00C2D339 /* Exception.cpp */ = {isa = PBXFileReference; fileEncoding = 4; lastKnownFileType = sourcecode.cpp.cpp; path = Exception.cpp; sourceTree = "<group>"; };
		D41D46011C387A9E00C2D339 /* Exception.hpp */ = {isa = PBXFileReference; fileEncoding = 4; lastKnownFileType = sourcecode.cpp.h; path = Exception.hpp; sourceTree = "<group>"; };
		D42631A61C3FFFC900727699 /* WorkerLoop.cpp */ = {isa = PBXFileReference; fileEncoding = 4; lastKnownFileType = sourcecode.cpp.cpp; path = WorkerLoop.cpp; sourceTree = "<group>"; };
		D42631A71C3FFFC900727699 /* WorkerLoop.h */ = {isa = PBXFileReference; fileEncoding = 4; lastKnownFileType = sourcecode.c.h; path = WorkerLoop.h; sourceTree = "<group>"; };
		D42631AF1C400F5D00727699 /* Statistics.cpp */ = {isa = PBXFileReference; fileEncoding = 4; lastKnownFileType = sourcecode.cpp.cpp; path = Statistics.cpp; sourceTree = "<group>"; };
		D42631B01C400F5D00727699 /* Statistics.h */ = {isa = PBXFileReference; fileEncoding = 4; lastKnownFileType = sourcecode.c.h; path = Statistics.h; sourceTree = "<group>"; };
		D437DE661C2FD7660090E443 /* pixie-cpp.temp_caseinsensitive_rename */ = {isa = PBXFileReference; explicitFileType = "compiled.mach-o.executable"; includeInIndex = 0; path = "pixie-cpp.temp_caseinsensitive_rename"; sourceTree = BUILT_PRODUCTS_DIR; };
		D437DE701C3045D50090E443 /* Queue.cpp */ = {isa = PBXFileReference; fileEncoding = 4; lastKnownFileType = sourcecode.cpp.cpp; path = Queue.cpp; sourceTree = "<group>"; };
		D437DE721C3046600090E443 /* Queue.h */ = {isa = PBXFileReference; fileEncoding = 4; lastKnownFileType = sourcecode.c.h; path = Queue.h; sourceTree = "<group>"; };
		D437DE731C3047590090E443 /* Listener.cpp */ = {isa = PBXFileReference; fileEncoding = 4; lastKnownFileType = sourcecode.cpp.cpp; path = Listener.cpp; sourceTree = "<group>"; };
		D437DE741C3047590090E443 /* Listener.h */ = {isa = PBXFileReference; fileEncoding = 4; lastKnownFileType = sourcecode.c.h; path = Listener.h; sourceTree = "<group>"; };
		D437DE761C304A800090E443 /* Worker.cpp */ = {isa = PBXFileReference; fileEncoding = 4; lastKnownFileType = sourcecode.cpp.cpp; path = Worker.cpp; sourceTree = "<group>"; };
		D437DE771C304A800090E443 /* Worker.h */ = {isa = PBXFileReference; fileEncoding = 4; lastKnownFileType = sourcecode.c.h; path = Worker.h; sourceTree = "<group>"; };
		D437DE791C304D0E0090E443 /* main.cpp */ = {isa = PBXFileReference; fileEncoding = 4; lastKnownFileType = sourcecode.cpp.cpp; path = main.cpp; sourceTree = "<group>"; };
		D437DE7B1C3051940090E443 /* Logger.h */ = {isa = PBXFileReference; fileEncoding = 4; lastKnownFileType = sourcecode.c.h; path = Logger.h; sourceTree = "<group>"; };
		D437DE7F1C3075070090E443 /* Thread.cpp */ = {isa = PBXFileReference; fileEncoding = 4; lastKnownFileType = sourcecode.cpp.cpp; path = Thread.cpp; sourceTree = "<group>"; };
		D437DE801C3075070090E443 /* Thread.h */ = {isa = PBXFileReference; fileEncoding = 4; lastKnownFileType = sourcecode.c.h; path = Thread.h; sourceTree = "<group>"; };
		D437DE821C3087230090E443 /* Monitor.cpp */ = {isa = PBXFileReference; fileEncoding = 4; lastKnownFileType = sourcecode.cpp.cpp; path = Monitor.cpp; sourceTree = "<group>"; };
		D437DE831C3087230090E443 /* Monitor.h */ = {isa = PBXFileReference; fileEncoding = 4; lastKnownFileType = sourcecode.c.h; path = Monitor.h; sourceTree = "<group>"; };
		D44AAB471D0CEAFE0055BBD7 /* blk_mitm */ = {isa = PBXFileReference; explicitFileType = "compiled.mach-o.executable"; includeInIndex = 0; path = blk_mitm; sourceTree = BUILT_PRODUCTS_DIR; };
		D44AAB491D0CEAFE0055BBD7 /* blk_mitm_main.cpp */ = {isa = PBXFileReference; lastKnownFileType = sourcecode.cpp.cpp; path = blk_mitm_main.cpp; sourceTree = "<group>"; };
		D44BBFB41D0CAC3000E4871C /* ErrorCodes.h */ = {isa = PBXFileReference; fileEncoding = 4; lastKnownFileType = sourcecode.c.h; path = ErrorCodes.h; sourceTree = "<group>"; };
		D44BBFB51D0CAC3000E4871C /* Handler.cpp */ = {isa = PBXFileReference; fileEncoding = 4; lastKnownFileType = sourcecode.cpp.cpp; path = Handler.cpp; sourceTree = "<group>"; };
		D44BBFB61D0CAC3000E4871C /* Handler.hpp */ = {isa = PBXFileReference; fileEncoding = 4; lastKnownFileType = sourcecode.cpp.h; path = Handler.hpp; sourceTree = "<group>"; };
		D44BBFB71D0CAC3000E4871C /* Protocol.h */ = {isa = PBXFileReference; fileEncoding = 4; lastKnownFileType = sourcecode.c.h; path = Protocol.h; sourceTree = "<group>"; };
		D44BBFBD1D0CB63400E4871C /* blk_client */ = {isa = PBXFileReference; explicitFileType = "compiled.mach-o.executable"; includeInIndex = 0; path = blk_client; sourceTree = BUILT_PRODUCTS_DIR; };
		D44BBFBF1D0CB63400E4871C /* main.cpp */ = {isa = PBXFileReference; lastKnownFileType = sourcecode.cpp.cpp; path = main.cpp; sourceTree = "<group>"; };
		D45587E91D0E4261009C6095 /* ConnectionPool.cpp */ = {isa = PBXFileReference; fileEncoding = 4; lastKnownFileType = sourcecode.cpp.cpp; path = ConnectionPool.cpp; sourceTree = "<group>"; };
		D45587EA1D0E4261009C6095 /* ConnectionPool.hpp */ = {isa = PBXFileReference; fileEncoding = 4; lastKnownFileType = sourcecode.cpp.h; path = ConnectionPool.hpp; sourceTree = "<group>"; };
		D46BB99F1D11FE6200AA55DF /* BlkClient.cpp */ = {isa = PBXFileReference; fileEncoding = 4; lastKnownFileType = sourcecode.cpp.cpp; path = BlkClient.cpp; sourceTree = "<group>"; };
		D46BB9A01D11FE6200AA55DF /* BlkClient.hpp */ = {isa = PBXFileReference; fileEncoding = 4; lastKnownFileType = sourcecode.cpp.h; path = BlkClient.hpp; sourceTree = "<group>"; };
		D46BB9A11D11FE6200AA55DF /* BlkMessage.cpp */ = {isa = PBXFileReference; fileEncoding = 4; lastKnownFileType = sourcecode.cpp.cpp; path = BlkMessage.cpp; sourceTree = "<group>"; };
		D46BB9A21D11FE6200AA55DF /* BlkMessage.h */ = {isa = PBXFileReference; fileEncoding = 4; lastKnownFileType = sourcecode.c.h; path = BlkMessage.h; sourceTree = "<group>"; };
		D46BB9A31D11FE6200AA55DF /* BlkSocket.cpp */ = {isa = PBXFileReference; fileEncoding = 4; lastKnownFileType = sourcecode.cpp.cpp; path = BlkSocket.cpp; sourceTree = "<group>"; };
		D46BB9A41D11FE6200AA55DF /* BlkSocket.h */ = {isa = PBXFileReference; fileEncoding = 4; lastKnownFileType = sourcecode.c.h; path = BlkSocket.h; sourceTree = "<group>"; };
		D46BB9A51D11FE6200AA55DF /* HandlerBlk.cpp */ = {isa = PBXFileReference; fileEncoding = 4; lastKnownFileType = sourcecode.cpp.cpp; path = HandlerBlk.cpp; sourceTree = "<group>"; };
		D46BB9A61D11FE6200AA55DF /* HandlerBlk.hpp */ = {isa = PBXFileReference; fileEncoding = 4; lastKnownFileType = sourcecode.cpp.h; path = HandlerBlk.hpp; sourceTree = "<group>"; };
		D46BB9A81D11FE6200AA55DF /* HandlerHttp.cpp */ = {isa = PBXFileReference; fileEncoding = 4; lastKnownFileType = sourcecode.cpp.cpp; path = HandlerHttp.cpp; sourceTree = "<group>"; };
		D46BB9A91D11FE6200AA55DF /* HandlerHttp.hpp */ = {isa = PBXFileReference; fileEncoding = 4; lastKnownFileType = sourcecode.cpp.h; path = HandlerHttp.hpp; sourceTree = "<group>"; };
		D46BB9AA1D11FE6200AA55DF /* HttpClient.cpp */ = {isa = PBXFileReference; fileEncoding = 4; lastKnownFileType = sourcecode.cpp.cpp; path = HttpClient.cpp; sourceTree = "<group>"; };
		D46BB9AB1D11FE6200AA55DF /* HttpClient.hpp */ = {isa = PBXFileReference; fileEncoding = 4; lastKnownFileType = sourcecode.cpp.h; path = HttpClient.hpp; sourceTree = "<group>"; };
		D46BBA771D11FE6200AA55DF /* HttpSocket.cpp */ = {isa = PBXFileReference; fileEncoding = 4; lastKnownFileType = sourcecode.cpp.cpp; path = HttpSocket.cpp; sourceTree = "<group>"; };
		D46BBA781D11FE6200AA55DF /* HttpSocket.h */ = {isa = PBXFileReference; fileEncoding = 4; lastKnownFileType = sourcecode.c.h; path = HttpSocket.h; sourceTree = "<group>"; };
		D46F22A41D12215B007F8F72 /* easylogging++.h */ = {isa = PBXFileReference; fileEncoding = 4; lastKnownFileType = sourcecode.c.h; path = "easylogging++.h"; sourceTree = "<group>"; };
		D46F22A51D12215B007F8F72 /* HTTPMessage.cpp */ = {isa = PBXFileReference; fileEncoding = 4; lastKnownFileType = sourcecode.cpp.cpp; path = HTTPMessage.cpp; sourceTree = "<group>"; };
		D46F22A61D12215B007F8F72 /* HTTPMessage.hpp */ = {isa = PBXFileReference; fileEncoding = 4; lastKnownFileType = sourcecode.cpp.h; path = HTTPMessage.hpp; sourceTree = "<group>"; };
		D46F22A71D12215B007F8F72 /* HTTPParser.cpp */ = {isa = PBXFileReference; fileEncoding = 4; lastKnownFileType = sourcecode.cpp.cpp; path = HTTPParser.cpp; sourceTree = "<group>"; };
		D46F22A81D12215B007F8F72 /* HTTPParser.hpp */ = {isa = PBXFileReference; fileEncoding = 4; lastKnownFileType = sourcecode.cpp.h; path = HTTPParser.hpp; sourceTree = "<group>"; };
		D46F22A91D12215B007F8F72 /* ParserContext.cpp */ = {isa = PBXFileReference; fileEncoding = 4; lastKnownFileType = sourcecode.cpp.cpp; path = ParserContext.cpp; sourceTree = "<group>"; };
		D46F22AA1D12215B007F8F72 /* ParserContext.hpp */ = {isa = PBXFileReference; fileEncoding = 4; lastKnownFileType = sourcecode.cpp.h; path = ParserContext.hpp; sourceTree = "<group>"; };
		D46F22AB1D12215B007F8F72 /* simple_buffer.c */ = {isa = PBXFileReference; fileEncoding = 4; lastKnownFileType = sourcecode.c.c; path = simple_buffer.c; sourceTree = "<group>"; };
		D46F22AC1D12215B007F8F72 /* simple_buffer.h */ = {isa = PBXFileReference; fileEncoding = 4; lastKnownFileType = sourcecode.c.h; path = simple_buffer.h; sourceTree = "<group>"; };
		D46F22AD1D12215B007F8F72 /* twc.c */ = {isa = PBXFileReference; fileEncoding = 4; lastKnownFileType = sourcecode.c.c; path = twc.c; sourceTree = "<group>"; };
		D46F22AE1D12215B007F8F72 /* twc.h */ = {isa = PBXFileReference; fileEncoding = 4; lastKnownFileType = sourcecode.c.h; path = twc.h; sourceTree = "<group>"; };
/* End PBXFileReference section */

/* Begin PBXFrameworksBuildPhase section */
		D437DE631C2FD7660090E443 /* Frameworks */ = {
			isa = PBXFrameworksBuildPhase;
			buildActionMask = 2147483647;
			files = (
			);
			runOnlyForDeploymentPostprocessing = 0;
		};
		D44AAB441D0CEAFE0055BBD7 /* Frameworks */ = {
			isa = PBXFrameworksBuildPhase;
			buildActionMask = 2147483647;
			files = (
			);
			runOnlyForDeploymentPostprocessing = 0;
		};
		D44BBFBA1D0CB63400E4871C /* Frameworks */ = {
			isa = PBXFrameworksBuildPhase;
			buildActionMask = 2147483647;
			files = (
			);
			runOnlyForDeploymentPostprocessing = 0;
		};
/* End PBXFrameworksBuildPhase section */

/* Begin PBXGroup section */
		D437DE5D1C2FD7660090E443 = {
			isa = PBXGroup;
			children = (
				D437DE681C2FD7660090E443 /* pixie-cpp */,
				D44BBFBE1D0CB63400E4871C /* blk_client */,
				D44AAB481D0CEAFE0055BBD7 /* blk_mitm */,
				D437DE671C2FD7660090E443 /* Products */,
			);
			sourceTree = "<group>";
		};
		D437DE671C2FD7660090E443 /* Products */ = {
			isa = PBXGroup;
			children = (
				D437DE661C2FD7660090E443 /* pixie-cpp.temp_caseinsensitive_rename */,
				D44BBFBD1D0CB63400E4871C /* blk_client */,
				D44AAB471D0CEAFE0055BBD7 /* blk_mitm */,
			);
			name = Products;
			sourceTree = "<group>";
		};
		D437DE681C2FD7660090E443 /* pixie-cpp */ = {
			isa = PBXGroup;
			children = (
				D46F22A31D12215B007F8F72 /* external_src */,
				D46BB99D1D11FE6200AA55DF /* Protocols */,
				D437DE791C304D0E0090E443 /* main.cpp */,
				D41BECF91D0E2D360070AD36 /* Channel.hpp */,
				D41BECFA1D0E2D610070AD36 /* Channel.cpp */,
				D45587EA1D0E4261009C6095 /* ConnectionPool.hpp */,
				D45587E91D0E4261009C6095 /* ConnectionPool.cpp */,
				D41D46011C387A9E00C2D339 /* Exception.hpp */,
				D41D46001C387A9E00C2D339 /* Exception.cpp */,
				D44BBFB41D0CAC3000E4871C /* ErrorCodes.h */,
				D44BBFB61D0CAC3000E4871C /* Handler.hpp */,
				D44BBFB51D0CAC3000E4871C /* Handler.cpp */,
				D437DE741C3047590090E443 /* Listener.h */,
				D437DE731C3047590090E443 /* Listener.cpp */,
				D437DE7B1C3051940090E443 /* Logger.h */,
				D437DE831C3087230090E443 /* Monitor.h */,
				D437DE821C3087230090E443 /* Monitor.cpp */,
				D44BBFB71D0CAC3000E4871C /* Protocol.h */,
				D437DE721C3046600090E443 /* Queue.h */,
				D437DE701C3045D50090E443 /* Queue.cpp */,
				D41D45F51C35DF3B00C2D339 /* Server.h */,
				D41D45F41C35DF3B00C2D339 /* Server.cpp */,
				D41D45FE1C380C5100C2D339 /* socket_functions.hpp */,
				D41D45FD1C380C5100C2D339 /* socket_functions.cpp */,
				D42631B01C400F5D00727699 /* Statistics.h */,
				D42631AF1C400F5D00727699 /* Statistics.cpp */,
				D437DE801C3075070090E443 /* Thread.h */,
				D437DE7F1C3075070090E443 /* Thread.cpp */,
				D437DE771C304A800090E443 /* Worker.h */,
				D437DE761C304A800090E443 /* Worker.cpp */,
				D42631A71C3FFFC900727699 /* WorkerLoop.h */,
				D42631A61C3FFFC900727699 /* WorkerLoop.cpp */,
			);
			name = "pixie-cpp";
			path = "Pixie-XC";
			sourceTree = "<group>";
		};
		D44AAB481D0CEAFE0055BBD7 /* blk_mitm */ = {
			isa = PBXGroup;
			children = (
				D44AAB491D0CEAFE0055BBD7 /* blk_mitm_main.cpp */,
			);
			name = blk_mitm;
			path = mitm;
			sourceTree = "<group>";
		};
		D44BBFBE1D0CB63400E4871C /* blk_client */ = {
			isa = PBXGroup;
			children = (
				D44BBFBF1D0CB63400E4871C /* main.cpp */,
			);
			path = blk_client;
			sourceTree = "<group>";
		};
		D46BB99D1D11FE6200AA55DF /* Protocols */ = {
			isa = PBXGroup;
			children = (
				D46BB99E1D11FE6200AA55DF /* BLK */,
				D46BB9A71D11FE6200AA55DF /* HTTP */,
			);
			path = Protocols;
			sourceTree = "<group>";
		};
		D46BB99E1D11FE6200AA55DF /* BLK */ = {
			isa = PBXGroup;
			children = (
				D46BB9A01D11FE6200AA55DF /* BlkClient.hpp */,
				D46BB99F1D11FE6200AA55DF /* BlkClient.cpp */,
				D46BB9A21D11FE6200AA55DF /* BlkMessage.h */,
				D46BB9A11D11FE6200AA55DF /* BlkMessage.cpp */,
				D46BB9A41D11FE6200AA55DF /* BlkSocket.h */,
				D46BB9A31D11FE6200AA55DF /* BlkSocket.cpp */,
				D46BB9A61D11FE6200AA55DF /* HandlerBlk.hpp */,
				D46BB9A51D11FE6200AA55DF /* HandlerBlk.cpp */,
			);
			path = BLK;
			sourceTree = "<group>";
		};
		D46BB9A71D11FE6200AA55DF /* HTTP */ = {
			isa = PBXGroup;
			children = (
				D46BB9A91D11FE6200AA55DF /* HandlerHttp.hpp */,
				D46BB9A81D11FE6200AA55DF /* HandlerHttp.cpp */,
				D46BB9AB1D11FE6200AA55DF /* HttpClient.hpp */,
				D46BB9AA1D11FE6200AA55DF /* HttpClient.cpp */,
				D46BBA771D11FE6200AA55DF /* HttpSocket.cpp */,
				D46BBA781D11FE6200AA55DF /* HttpSocket.h */,
			);
			path = HTTP;
			sourceTree = "<group>";
		};
		D46F22A31D12215B007F8F72 /* external_src */ = {
			isa = PBXGroup;
			children = (
				D46F22A41D12215B007F8F72 /* easylogging++.h */,
				D46F22A51D12215B007F8F72 /* HTTPMessage.cpp */,
				D46F22A61D12215B007F8F72 /* HTTPMessage.hpp */,
				D46F22A71D12215B007F8F72 /* HTTPParser.cpp */,
				D46F22A81D12215B007F8F72 /* HTTPParser.hpp */,
				D46F22A91D12215B007F8F72 /* ParserContext.cpp */,
				D46F22AA1D12215B007F8F72 /* ParserContext.hpp */,
				D46F22AB1D12215B007F8F72 /* simple_buffer.c */,
				D46F22AC1D12215B007F8F72 /* simple_buffer.h */,
				D46F22AD1D12215B007F8F72 /* twc.c */,
				D46F22AE1D12215B007F8F72 /* twc.h */,
			);
			path = external_src;
			sourceTree = SOURCE_ROOT;
		};
/* End PBXGroup section */

/* Begin PBXNativeTarget section */
		D437DE651C2FD7660090E443 /* Pixie-cpp */ = {
			isa = PBXNativeTarget;
			buildConfigurationList = D437DE6D1C2FD7660090E443 /* Build configuration list for PBXNativeTarget "Pixie-cpp" */;
			buildPhases = (
				D437DE621C2FD7660090E443 /* Sources */,
				D437DE631C2FD7660090E443 /* Frameworks */,
				D437DE641C2FD7660090E443 /* CopyFiles */,
			);
			buildRules = (
			);
			dependencies = (
			);
			name = "Pixie-cpp";
			productName = "Pixie-XC";
			productReference = D437DE661C2FD7660090E443 /* pixie-cpp.temp_caseinsensitive_rename */;
			productType = "com.apple.product-type.tool";
		};
		D44AAB461D0CEAFE0055BBD7 /* blk_mitm */ = {
			isa = PBXNativeTarget;
			buildConfigurationList = D44AAB4B1D0CEAFE0055BBD7 /* Build configuration list for PBXNativeTarget "blk_mitm" */;
			buildPhases = (
				D44AAB431D0CEAFE0055BBD7 /* Sources */,
				D44AAB441D0CEAFE0055BBD7 /* Frameworks */,
				D44AAB451D0CEAFE0055BBD7 /* CopyFiles */,
			);
			buildRules = (
			);
			dependencies = (
			);
			name = blk_mitm;
			productName = mitm;
			productReference = D44AAB471D0CEAFE0055BBD7 /* blk_mitm */;
			productType = "com.apple.product-type.tool";
		};
		D44BBFBC1D0CB63400E4871C /* blk_client */ = {
			isa = PBXNativeTarget;
			buildConfigurationList = D44BBFC11D0CB63400E4871C /* Build configuration list for PBXNativeTarget "blk_client" */;
			buildPhases = (
				D44BBFB91D0CB63400E4871C /* Sources */,
				D44BBFBA1D0CB63400E4871C /* Frameworks */,
				D44BBFBB1D0CB63400E4871C /* CopyFiles */,
			);
			buildRules = (
			);
			dependencies = (
			);
			name = blk_client;
			productName = blk_client;
			productReference = D44BBFBD1D0CB63400E4871C /* blk_client */;
			productType = "com.apple.product-type.tool";
		};
/* End PBXNativeTarget section */

/* Begin PBXProject section */
		D437DE5E1C2FD7660090E443 /* Project object */ = {
			isa = PBXProject;
			attributes = {
				LastUpgradeCheck = 0720;
				ORGANIZATIONNAME = Blackwellapps;
				TargetAttributes = {
					D437DE651C2FD7660090E443 = {
						CreatedOnToolsVersion = 7.2;
					};
					D44AAB461D0CEAFE0055BBD7 = {
						CreatedOnToolsVersion = 7.3.1;
					};
					D44BBFBC1D0CB63400E4871C = {
						CreatedOnToolsVersion = 7.3.1;
					};
				};
			};
			buildConfigurationList = D437DE611C2FD7660090E443 /* Build configuration list for PBXProject "pixie-cpp" */;
			compatibilityVersion = "Xcode 3.2";
			developmentRegion = English;
			hasScannedForEncodings = 0;
			knownRegions = (
				en,
			);
			mainGroup = D437DE5D1C2FD7660090E443;
			productRefGroup = D437DE671C2FD7660090E443 /* Products */;
			projectDirPath = "";
			projectRoot = "";
			targets = (
				D437DE651C2FD7660090E443 /* Pixie-cpp */,
				D44BBFBC1D0CB63400E4871C /* blk_client */,
				D44AAB461D0CEAFE0055BBD7 /* blk_mitm */,
			);
		};
/* End PBXProject section */

/* Begin PBXSourcesBuildPhase section */
		D437DE621C2FD7660090E443 /* Sources */ = {
			isa = PBXSourcesBuildPhase;
			buildActionMask = 2147483647;
			files = (
				D437DE7A1C304D0E0090E443 /* main.cpp in Sources */,
				D437DE781C304A800090E443 /* Worker.cpp in Sources */,
				D46BBA971D11FE6200AA55DF /* HttpSocket.cpp in Sources */,
				D437DE841C3087230090E443 /* Monitor.cpp in Sources */,
				D41D45F61C35DF3B00C2D339 /* Server.cpp in Sources */,
				D46F22B21D12215B007F8F72 /* simple_buffer.c in Sources */,
				D41BECFB1D0E2D610070AD36 /* Channel.cpp in Sources */,
				D437DE751C3047590090E443 /* Listener.cpp in Sources */,
				D46BBA791D11FE6200AA55DF /* BlkClient.cpp in Sources */,
				D46F22B01D12215B007F8F72 /* HTTPParser.cpp in Sources */,
				D44BBFB81D0CAC3000E4871C /* Handler.cpp in Sources */,
				D41D46021C387A9E00C2D339 /* Exception.cpp in Sources */,
				D42631A81C3FFFC900727699 /* WorkerLoop.cpp in Sources */,
				D42631B11C400F5D00727699 /* Statistics.cpp in Sources */,
				D46BBA7B1D11FE6200AA55DF /* BlkSocket.cpp in Sources */,
				D437DE711C3045D50090E443 /* Queue.cpp in Sources */,
				D46BBA7A1D11FE6200AA55DF /* BlkMessage.cpp in Sources */,
				D41D45FF1C380C5100C2D339 /* socket_functions.cpp in Sources */,
				D46BBA7C1D11FE6200AA55DF /* HandlerBlk.cpp in Sources */,
				D46F22AF1D12215B007F8F72 /* HTTPMessage.cpp in Sources */,
				D46F22B31D12215B007F8F72 /* twc.c in Sources */,
				D46BBA7E1D11FE6200AA55DF /* HttpClient.cpp in Sources */,
				D46F22B11D12215B007F8F72 /* ParserContext.cpp in Sources */,
				D45587EB1D0E4261009C6095 /* ConnectionPool.cpp in Sources */,
				D46BBA7D1D11FE6200AA55DF /* HandlerHttp.cpp in Sources */,
				D437DE811C3075070090E443 /* Thread.cpp in Sources */,
			);
			runOnlyForDeploymentPostprocessing = 0;
		};
		D44AAB431D0CEAFE0055BBD7 /* Sources */ = {
			isa = PBXSourcesBuildPhase;
			buildActionMask = 2147483647;
			files = (
				D44AAB4A1D0CEAFE0055BBD7 /* blk_mitm_main.cpp in Sources */,
				D46BBA9F1D11FF4E00AA55DF /* BlkClient.cpp in Sources */,
				D46BBAA01D11FF5700AA55DF /* BlkMessage.cpp in Sources */,
				D46BBAA11D11FF5A00AA55DF /* BlkSocket.cpp in Sources */,
				D46BBAA21D11FF5E00AA55DF /* HandlerBlk.cpp in Sources */,
				D41BECFC1D0E311D0070AD36 /* Channel.cpp in Sources */,
				D45587EC1D0E4389009C6095 /* ConnectionPool.cpp in Sources */,
				D44AAB511D0CEB8A0055BBD7 /* Exception.cpp in Sources */,
				D44AAB521D0CEB8E0055BBD7 /* Handler.cpp in Sources */,
				D46F22B41D122186007F8F72 /* twc.c in Sources */,
				D44AAB531D0CEB920055BBD7 /* Listener.cpp in Sources */,
				D44AAB541D0CEB940055BBD7 /* Monitor.cpp in Sources */,
				D44AAB551D0CEB980055BBD7 /* Queue.cpp in Sources */,
				D44AAB561D0CEB9A0055BBD7 /* Server.cpp in Sources */,
				D44AAB581D0CEBA10055BBD7 /* Statistics.cpp in Sources */,
				D44AAB571D0CEB9D0055BBD7 /* socket_functions.cpp in Sources */,
				D44AAB591D0CEBA40055BBD7 /* Thread.cpp in Sources */,
				D44AAB5A1D0CEBA70055BBD7 /* Worker.cpp in Sources */,
			);
			runOnlyForDeploymentPostprocessing = 0;
		};
		D44BBFB91D0CB63400E4871C /* Sources */ = {
			isa = PBXSourcesBuildPhase;
			buildActionMask = 2147483647;
			files = (
				D44BBFCB1D0CB7FF00E4871C /* Handler.cpp in Sources */,
				D44BBFC01D0CB63400E4871C /* main.cpp in Sources */,
				D44BBFCA1D0CB7FB00E4871C /* Exception.cpp in Sources */,
				D44BBFCD1D0CB80F00E4871C /* socket_functions.cpp in Sources */,
			);
			runOnlyForDeploymentPostprocessing = 0;
		};
/* End PBXSourcesBuildPhase section */

/* Begin XCBuildConfiguration section */
		D437DE6B1C2FD7660090E443 /* Debug */ = {
			isa = XCBuildConfiguration;
			buildSettings = {
				ALWAYS_SEARCH_USER_PATHS = NO;
				CLANG_CXX_LANGUAGE_STANDARD = "gnu++0x";
				CLANG_CXX_LIBRARY = "libc++";
				CLANG_ENABLE_MODULES = YES;
				CLANG_ENABLE_OBJC_ARC = YES;
				CLANG_WARN_BOOL_CONVERSION = YES;
				CLANG_WARN_CONSTANT_CONVERSION = YES;
				CLANG_WARN_DIRECT_OBJC_ISA_USAGE = YES_ERROR;
				CLANG_WARN_EMPTY_BODY = YES;
				CLANG_WARN_ENUM_CONVERSION = YES;
				CLANG_WARN_INT_CONVERSION = YES;
				CLANG_WARN_OBJC_ROOT_CLASS = YES_ERROR;
				CLANG_WARN_UNREACHABLE_CODE = YES;
				CLANG_WARN__DUPLICATE_METHOD_MATCH = YES;
				CODE_SIGN_IDENTITY = "-";
				COPY_PHASE_STRIP = NO;
				DEBUG_INFORMATION_FORMAT = dwarf;
				ENABLE_STRICT_OBJC_MSGSEND = YES;
				ENABLE_TESTABILITY = YES;
				GCC_C_LANGUAGE_STANDARD = gnu99;
				GCC_DYNAMIC_NO_PIC = NO;
				GCC_NO_COMMON_BLOCKS = YES;
				GCC_OPTIMIZATION_LEVEL = 0;
				GCC_PREPROCESSOR_DEFINITIONS = (
					"DEBUG=1",
					"$(inherited)",
				);
				GCC_WARN_64_TO_32_BIT_CONVERSION = YES;
				GCC_WARN_ABOUT_RETURN_TYPE = YES_ERROR;
				GCC_WARN_UNDECLARED_SELECTOR = YES;
				GCC_WARN_UNINITIALIZED_AUTOS = YES_AGGRESSIVE;
				GCC_WARN_UNUSED_FUNCTION = YES;
				GCC_WARN_UNUSED_VARIABLE = YES;
				MACOSX_DEPLOYMENT_TARGET = 10.10;
				MTL_ENABLE_DEBUG_INFO = YES;
				ONLY_ACTIVE_ARCH = YES;
				SDKROOT = macosx;
			};
			name = Debug;
		};
		D437DE6C1C2FD7660090E443 /* Release */ = {
			isa = XCBuildConfiguration;
			buildSettings = {
				ALWAYS_SEARCH_USER_PATHS = NO;
				CLANG_CXX_LANGUAGE_STANDARD = "gnu++0x";
				CLANG_CXX_LIBRARY = "libc++";
				CLANG_ENABLE_MODULES = YES;
				CLANG_ENABLE_OBJC_ARC = YES;
				CLANG_WARN_BOOL_CONVERSION = YES;
				CLANG_WARN_CONSTANT_CONVERSION = YES;
				CLANG_WARN_DIRECT_OBJC_ISA_USAGE = YES_ERROR;
				CLANG_WARN_EMPTY_BODY = YES;
				CLANG_WARN_ENUM_CONVERSION = YES;
				CLANG_WARN_INT_CONVERSION = YES;
				CLANG_WARN_OBJC_ROOT_CLASS = YES_ERROR;
				CLANG_WARN_UNREACHABLE_CODE = YES;
				CLANG_WARN__DUPLICATE_METHOD_MATCH = YES;
				CODE_SIGN_IDENTITY = "-";
				COPY_PHASE_STRIP = NO;
				DEBUG_INFORMATION_FORMAT = "dwarf-with-dsym";
				ENABLE_NS_ASSERTIONS = NO;
				ENABLE_STRICT_OBJC_MSGSEND = YES;
				GCC_C_LANGUAGE_STANDARD = gnu99;
				GCC_NO_COMMON_BLOCKS = YES;
				GCC_WARN_64_TO_32_BIT_CONVERSION = YES;
				GCC_WARN_ABOUT_RETURN_TYPE = YES_ERROR;
				GCC_WARN_UNDECLARED_SELECTOR = YES;
				GCC_WARN_UNINITIALIZED_AUTOS = YES_AGGRESSIVE;
				GCC_WARN_UNUSED_FUNCTION = YES;
				GCC_WARN_UNUSED_VARIABLE = YES;
				MACOSX_DEPLOYMENT_TARGET = 10.10;
				MTL_ENABLE_DEBUG_INFO = NO;
				SDKROOT = macosx;
			};
			name = Release;
		};
		D437DE6E1C2FD7660090E443 /* Debug */ = {
			isa = XCBuildConfiguration;
			buildSettings = {
				"HEADER_SEARCH_PATHS[arch=*]" = "$(SRCROOT)/include";
				PRODUCT_NAME = "pixie-cpp.temp_caseinsensitive_rename";
			};
			name = Debug;
		};
		D437DE6F1C2FD7660090E443 /* Release */ = {
			isa = XCBuildConfiguration;
			buildSettings = {
				"HEADER_SEARCH_PATHS[arch=*]" = "$(SRCROOT)/include";
				PRODUCT_NAME = "pixie-cpp.temp_caseinsensitive_rename";
			};
			name = Release;
		};
		D44AAB4C1D0CEAFE0055BBD7 /* Debug */ = {
			isa = XCBuildConfiguration;
			buildSettings = {
				CLANG_ANALYZER_NONNULL = YES;
				"HEADER_SEARCH_PATHS[arch=*]" = (
					"$(SRCROOT)/Protocols/BLK",
					"$(SRCROOT)/Protocols/HTTP",
				);
				MACOSX_DEPLOYMENT_TARGET = 10.11;
				PRODUCT_NAME = "$(TARGET_NAME)";
			};
			name = Debug;
		};
		D44AAB4D1D0CEAFE0055BBD7 /* Release */ = {
			isa = XCBuildConfiguration;
			buildSettings = {
				CLANG_ANALYZER_NONNULL = YES;
				MACOSX_DEPLOYMENT_TARGET = 10.11;
				PRODUCT_NAME = "$(TARGET_NAME)";
			};
			name = Release;
		};
		D44BBFC21D0CB63400E4871C /* Debug */ = {
			isa = XCBuildConfiguration;
			buildSettings = {
				CLANG_ANALYZER_NONNULL = YES;
				"HEADER_SEARCH_PATHS[arch=*]" = "$(SRCROOT)/include";
				MACOSX_DEPLOYMENT_TARGET = 10.11;
				PRODUCT_NAME = "$(TARGET_NAME)";
			};
			name = Debug;
		};
		D44BBFC31D0CB63400E4871C /* Release */ = {
			isa = XCBuildConfiguration;
			buildSettings = {
				CLANG_ANALYZER_NONNULL = YES;
				MACOSX_DEPLOYMENT_TARGET = 10.11;
				PRODUCT_NAME = "$(TARGET_NAME)";
			};
			name = Release;
		};
/* End XCBuildConfiguration section */

/* Begin XCConfigurationList section */
		D437DE611C2FD7660090E443 /* Build configuration list for PBXProject "pixie-cpp" */ = {
			isa = XCConfigurationList;
			buildConfigurations = (
				D437DE6B1C2FD7660090E443 /* Debug */,
				D437DE6C1C2FD7660090E443 /* Release */,
			);
			defaultConfigurationIsVisible = 0;
			defaultConfigurationName = Release;
		};
		D437DE6D1C2FD7660090E443 /* Build configuration list for PBXNativeTarget "Pixie-cpp" */ = {
			isa = XCConfigurationList;
			buildConfigurations = (
				D437DE6E1C2FD7660090E443 /* Debug */,
				D437DE6F1C2FD7660090E443 /* Release */,
			);
			defaultConfigurationIsVisible = 0;
			defaultConfigurationName = Release;
		};
		D44AAB4B1D0CEAFE0055BBD7 /* Build configuration list for PBXNativeTarget "blk_mitm" */ = {
			isa = XCConfigurationList;
			buildConfigurations = (
				D44AAB4C1D0CEAFE0055BBD7 /* Debug */,
				D44AAB4D1D0CEAFE0055BBD7 /* Release */,
			);
			defaultConfigurationIsVisible = 0;
			defaultConfigurationName = Release;
		};
		D44BBFC11D0CB63400E4871C /* Build configuration list for PBXNativeTarget "blk_client" */ = {
			isa = XCConfigurationList;
			buildConfigurations = (
				D44BBFC21D0CB63400E4871C /* Debug */,
				D44BBFC31D0CB63400E4871C /* Release */,
			);
			defaultConfigurationIsVisible = 0;
			defaultConfigurationName = Release;
		};
/* End XCConfigurationList section */
	};
	rootObject = D437DE5E1C2FD7660090E443 /* Project object */;
}
